
Microsoft Visual Studio Solution File, Format Version 12.00
# Visual Studio Version 17
VisualStudioVersion = 17.0.31903.59
MinimumVisualStudioVersion = 10.0.40219.1
Project("{2150E333-8FDC-42A3-9474-1A3956D46DE8}") = "src", "src", "{827E0CD3-B72D-47B6-A68D-7590B98EB39B}"
EndProject
Project("{FAE04EC0-301F-11D3-BF4B-00C04F79EFBC}") = "GeminiFlatPanel.Core", "src\GeminiFlatPanel.Core\GeminiFlatPanel.Core.csproj", "{CF7599FD-D7E0-4B10-A81A-306A819007A8}"
EndProject
Project("{FAE04EC0-301F-11D3-BF4B-00C04F79EFBC}") = "GeminiFlatPanel.Server", "src\GeminiFlatPanel.Server\GeminiFlatPanel.Server.csproj", "{493D4BC2-EEDE-45F7-BB99-0FD0742EF9DF}"
EndProject
Project("{2150E333-8FDC-42A3-9474-1A3956D46DE8}") = "tests", "tests", "{0AB3BF05-4346-4AA6-1389-037BE0695223}"
EndProject
Project("{FAE04EC0-301F-11D3-BF4B-00C04F79EFBC}") = "GeminiFlatPanel.Tests", "tests\GeminiFlatPanel.Tests\GeminiFlatPanel.Tests.csproj", "{C5DEA05C-C476-4A16-AEE6-CD3677FC2AC5}"
EndProject
Global
	GlobalSection(SolutionConfigurationPlatforms) = preSolution
		Debug|Any CPU = Debug|Any CPU
		Debug|x64 = Debug|x64
		Debug|x86 = Debug|x86
		Release|Any CPU = Release|Any CPU
		Release|x64 = Release|x64
		Release|x86 = Release|x86
	EndGlobalSection
	GlobalSection(ProjectConfigurationPlatforms) = postSolution
		{CF7599FD-D7E0-4B10-A81A-306A819007A8}.Debug|Any CPU.ActiveCfg = Debug|Any CPU
		{CF7599FD-D7E0-4B10-A81A-306A819007A8}.Debug|Any CPU.Build.0 = Debug|Any CPU
		{CF7599FD-D7E0-4B10-A81A-306A819007A8}.Debug|x64.ActiveCfg = Debug|Any CPU
		{CF7599FD-D7E0-4B10-A81A-306A819007A8}.Debug|x64.Build.0 = Debug|Any CPU
		{CF7599FD-D7E0-4B10-A81A-306A819007A8}.Debug|x86.ActiveCfg = Debug|Any CPU
		{CF7599FD-D7E0-4B10-A81A-306A819007A8}.Debug|x86.Build.0 = Debug|Any CPU
		{CF7599FD-D7E0-4B10-A81A-306A819007A8}.Release|Any CPU.ActiveCfg = Release|Any CPU
		{CF7599FD-D7E0-4B10-A81A-306A819007A8}.Release|Any CPU.Build.0 = Release|Any CPU
		{CF7599FD-D7E0-4B10-A81A-306A819007A8}.Release|x64.ActiveCfg = Release|Any CPU
		{CF7599FD-D7E0-4B10-A81A-306A819007A8}.Release|x64.Build.0 = Release|Any CPU
		{CF7599FD-D7E0-4B10-A81A-306A819007A8}.Release|x86.ActiveCfg = Release|Any CPU
		{CF7599FD-D7E0-4B10-A81A-306A819007A8}.Release|x86.Build.0 = Release|Any CPU
		{493D4BC2-EEDE-45F7-BB99-0FD0742EF9DF}.Debug|Any CPU.ActiveCfg = Debug|Any CPU
		{493D4BC2-EEDE-45F7-BB99-0FD0742EF9DF}.Debug|Any CPU.Build.0 = Debug|Any CPU
		{493D4BC2-EEDE-45F7-BB99-0FD0742EF9DF}.Debug|x64.ActiveCfg = Debug|Any CPU
		{493D4BC2-EEDE-45F7-BB99-0FD0742EF9DF}.Debug|x64.Build.0 = Debug|Any CPU
		{493D4BC2-EEDE-45F7-BB99-0FD0742EF9DF}.Debug|x86.ActiveCfg = Debug|Any CPU
		{493D4BC2-EEDE-45F7-BB99-0FD0742EF9DF}.Debug|x86.Build.0 = Debug|Any CPU
		{493D4BC2-EEDE-45F7-BB99-0FD0742EF9DF}.Release|Any CPU.ActiveCfg = Release|Any CPU
		{493D4BC2-EEDE-45F7-BB99-0FD0742EF9DF}.Release|Any CPU.Build.0 = Release|Any CPU
		{493D4BC2-EEDE-45F7-BB99-0FD0742EF9DF}.Release|x64.ActiveCfg = Release|Any CPU
		{493D4BC2-EEDE-45F7-BB99-0FD0742EF9DF}.Release|x64.Build.0 = Release|Any CPU
		{493D4BC2-EEDE-45F7-BB99-0FD0742EF9DF}.Release|x86.ActiveCfg = Release|Any CPU
		{493D4BC2-EEDE-45F7-BB99-0FD0742EF9DF}.Release|x86.Build.0 = Release|Any CPU
		{C5DEA05C-C476-4A16-AEE6-CD3677FC2AC5}.Debug|Any CPU.ActiveCfg = Debug|Any CPU
		{C5DEA05C-C476-4A16-AEE6-CD3677FC2AC5}.Debug|Any CPU.Build.0 = Debug|Any CPU
		{C5DEA05C-C476-4A16-AEE6-CD3677FC2AC5}.Debug|x64.ActiveCfg = Debug|Any CPU
		{C5DEA05C-C476-4A16-AEE6-CD3677FC2AC5}.Debug|x64.Build.0 = Debug|Any CPU
		{C5DEA05C-C476-4A16-AEE6-CD3677FC2AC5}.Debug|x86.ActiveCfg = Debug|Any CPU
		{C5DEA05C-C476-4A16-AEE6-CD3677FC2AC5}.Debug|x86.Build.0 = Debug|Any CPU
		{C5DEA05C-C476-4A16-AEE6-CD3677FC2AC5}.Release|Any CPU.ActiveCfg = Release|Any CPU
		{C5DEA05C-C476-4A16-AEE6-CD3677FC2AC5}.Release|Any CPU.Build.0 = Release|Any CPU
		{C5DEA05C-C476-4A16-AEE6-CD3677FC2AC5}.Release|x64.ActiveCfg = Release|Any CPU
		{C5DEA05C-C476-4A16-AEE6-CD3677FC2AC5}.Release|x64.Build.0 = Release|Any CPU
		{C5DEA05C-C476-4A16-AEE6-CD3677FC2AC5}.Release|x86.ActiveCfg = Release|Any CPU
		{C5DEA05C-C476-4A16-AEE6-CD3677FC2AC5}.Release|x86.Build.0 = Release|Any CPU
	EndGlobalSection
	GlobalSection(SolutionProperties) = preSolution
		HideSolutionNode = FALSE
	EndGlobalSection
	GlobalSection(NestedProjects) = preSolution
		{CF7599FD-D7E0-4B10-A81A-306A819007A8} = {827E0CD3-B72D-47B6-A68D-7590B98EB39B}
		{493D4BC2-EEDE-45F7-BB99-0FD0742EF9DF} = {827E0CD3-B72D-47B6-A68D-7590B98EB39B}
		{C5DEA05C-C476-4A16-AEE6-CD3677FC2AC5} = {0AB3BF05-4346-4AA6-1389-037BE0695223}
	EndGlobalSection
EndGlobal
